
Microsoft Visual Studio Solution File, Format Version 12.00
# Visual Studio 15
VisualStudioVersion = 15.0.28307.757
MinimumVisualStudioVersion = 10.0.40219.1
Project("{8BC9CEB8-8B4A-11D0-8D11-00A0C91BC942}") = "Project2", "Project2\Project2.vcxproj", "{360F373C-A7CB-4A30-BE0E-A36DD7C81763}"
EndProject
Global
	GlobalSection(SolutionConfigurationPlatforms) = preSolution
		Debug|x64 = Debug|x64
		Debug|x86 = Debug|x86
		Release|x64 = Release|x64
		Release|x86 = Release|x86
	EndGlobalSection
	GlobalSection(ProjectConfigurationPlatforms) = postSolution
		{360F373C-A7CB-4A30-BE0E-A36DD7C81763}.Debug|x64.ActiveCfg = Debug|x64
		{360F373C-A7CB-4A30-BE0E-A36DD7C81763}.Debug|x64.Build.0 = Debug|x64
		{360F373C-A7CB-4A30-BE0E-A36DD7C81763}.Debug|x86.ActiveCfg = Debug|Win32
		{360F373C-A7CB-4A30-BE0E-A36DD7C81763}.Debug|x86.Build.0 = Debug|Win32
		{360F373C-A7CB-4A30-BE0E-A36DD7C81763}.Release|x64.ActiveCfg = Release|x64
		{360F373C-A7CB-4A30-BE0E-A36DD7C81763}.Release|x64.Build.0 = Release|x64
		{360F373C-A7CB-4A30-BE0E-A36DD7C81763}.Release|x86.ActiveCfg = Release|Win32
		{360F373C-A7CB-4A30-BE0E-A36DD7C81763}.Release|x86.Build.0 = Release|Win32
	EndGlobalSection
	GlobalSection(SolutionProperties) = preSolution
		HideSolutionNode = FALSE
	EndGlobalSection
	GlobalSection(ExtensibilityGlobals) = postSolution
		SolutionGuid = {2FC896C5-B2F4-4D10-A148-2B7F9F7C6CE3}
	EndGlobalSection
EndGlobal
